
Microsoft Visual Studio Solution File, Format Version 12.00
# Visual Studio Version 17
VisualStudioVersion = 17.2.32616.157
MinimumVisualStudioVersion = 10.0.40219.1
Project("{FAE04EC0-301F-11D3-BF4B-00C04F79EFBC}") = "Portafolio", "Portafolio\Portafolio.csproj", "{F4258660-A384-4D21-9E1A-DD8B84B8FEF2}"
EndProject
Global
	GlobalSection(SolutionConfigurationPlatforms) = preSolution
		Debug|Any CPU = Debug|Any CPU
		Release|Any CPU = Release|Any CPU
	EndGlobalSection
	GlobalSection(ProjectConfigurationPlatforms) = postSolution
		{F4258660-A384-4D21-9E1A-DD8B84B8FEF2}.Debug|Any CPU.ActiveCfg = Debug|Any CPU
		{F4258660-A384-4D21-9E1A-DD8B84B8FEF2}.Debug|Any CPU.Build.0 = Debug|Any CPU
		{F4258660-A384-4D21-9E1A-DD8B84B8FEF2}.Release|Any CPU.ActiveCfg = Release|Any CPU
		{F4258660-A384-4D21-9E1A-DD8B84B8FEF2}.Release|Any CPU.Build.0 = Release|Any CPU
	EndGlobalSection
	GlobalSection(SolutionProperties) = preSolution
		HideSolutionNode = FALSE
	EndGlobalSection
	GlobalSection(ExtensibilityGlobals) = postSolution
		SolutionGuid = {14299746-EF6C-4818-A08D-DE7A9EB0F305}
	EndGlobalSection
EndGlobal
